
Microsoft Visual Studio Solution File, Format Version 12.00
# Visual Studio 15
VisualStudioVersion = 15.0.26730.15
MinimumVisualStudioVersion = 10.0.40219.1
Project("{FAE04EC0-301F-11D3-BF4B-00C04F79EFBC}") = "PersonMvvmXF", "PersonMvvmXF\PersonMvvmXF\PersonMvvmXF.csproj", "{2F5FAC0B-B34C-4667-8F02-3A7896004F76}"
EndProject
Project("{FAE04EC0-301F-11D3-BF4B-00C04F79EFBC}") = "PersonMvvmXF.Droid", "PersonMvvmXF\PersonMvvmXF.Droid\PersonMvvmXF.Droid.csproj", "{73C0D518-E68A-41D4-B038-E72CCD908814}"
EndProject
Project("{FAE04EC0-301F-11D3-BF4B-00C04F79EFBC}") = "PersonMvvmXF.iOS", "PersonMvvmXF\PersonMvvmXF.iOS\PersonMvvmXF.iOS.csproj", "{08B426CC-26FC-45D5-9A3D-09D5FF8B8F19}"
EndProject
Project("{FAE04EC0-301F-11D3-BF4B-00C04F79EFBC}") = "PersonMvvmXF.UWP", "PersonMvvmXF\PersonMvvmXF.UWP\PersonMvvmXF.UWP.csproj", "{C5978E52-B7D5-403F-9BEB-E1B4A51A0806}"
EndProject
Global
	GlobalSection(SolutionConfigurationPlatforms) = preSolution
		Ad-Hoc|Any CPU = Ad-Hoc|Any CPU
		Ad-Hoc|ARM = Ad-Hoc|ARM
		Ad-Hoc|iPhone = Ad-Hoc|iPhone
		Ad-Hoc|iPhoneSimulator = Ad-Hoc|iPhoneSimulator
		Ad-Hoc|x64 = Ad-Hoc|x64
		Ad-Hoc|x86 = Ad-Hoc|x86
		AppStore|Any CPU = AppStore|Any CPU
		AppStore|ARM = AppStore|ARM
		AppStore|iPhone = AppStore|iPhone
		AppStore|iPhoneSimulator = AppStore|iPhoneSimulator
		AppStore|x64 = AppStore|x64
		AppStore|x86 = AppStore|x86
		Debug|Any CPU = Debug|Any CPU
		Debug|ARM = Debug|ARM
		Debug|iPhone = Debug|iPhone
		Debug|iPhoneSimulator = Debug|iPhoneSimulator
		Debug|x64 = Debug|x64
		Debug|x86 = Debug|x86
		Release|Any CPU = Release|Any CPU
		Release|ARM = Release|ARM
		Release|iPhone = Release|iPhone
		Release|iPhoneSimulator = Release|iPhoneSimulator
		Release|x64 = Release|x64
		Release|x86 = Release|x86
	EndGlobalSection
	GlobalSection(ProjectConfigurationPlatforms) = postSolution
		{2F5FAC0B-B34C-4667-8F02-3A7896004F76}.Ad-Hoc|Any CPU.ActiveCfg = Release|Any CPU
		{2F5FAC0B-B34C-4667-8F02-3A7896004F76}.Ad-Hoc|Any CPU.Build.0 = Release|Any CPU
		{2F5FAC0B-B34C-4667-8F02-3A7896004F76}.Ad-Hoc|ARM.ActiveCfg = Release|Any CPU
		{2F5FAC0B-B34C-4667-8F02-3A7896004F76}.Ad-Hoc|ARM.Build.0 = Release|Any CPU
		{2F5FAC0B-B34C-4667-8F02-3A7896004F76}.Ad-Hoc|iPhone.ActiveCfg = Release|Any CPU
		{2F5FAC0B-B34C-4667-8F02-3A7896004F76}.Ad-Hoc|iPhone.Build.0 = Release|Any CPU
		{2F5FAC0B-B34C-4667-8F02-3A7896004F76}.Ad-Hoc|iPhoneSimulator.ActiveCfg = Release|Any CPU
		{2F5FAC0B-B34C-4667-8F02-3A7896004F76}.Ad-Hoc|iPhoneSimulator.Build.0 = Release|Any CPU
		{2F5FAC0B-B34C-4667-8F02-3A7896004F76}.Ad-Hoc|x64.ActiveCfg = Release|Any CPU
		{2F5FAC0B-B34C-4667-8F02-3A7896004F76}.Ad-Hoc|x64.Build.0 = Release|Any CPU
		{2F5FAC0B-B34C-4667-8F02-3A7896004F76}.Ad-Hoc|x86.ActiveCfg = Release|Any CPU
		{2F5FAC0B-B34C-4667-8F02-3A7896004F76}.Ad-Hoc|x86.Build.0 = Release|Any CPU
		{2F5FAC0B-B34C-4667-8F02-3A7896004F76}.AppStore|Any CPU.ActiveCfg = Release|Any CPU
		{2F5FAC0B-B34C-4667-8F02-3A7896004F76}.AppStore|Any CPU.Build.0 = Release|Any CPU
		{2F5FAC0B-B34C-4667-8F02-3A7896004F76}.AppStore|ARM.ActiveCfg = Release|Any CPU
		{2F5FAC0B-B34C-4667-8F02-3A7896004F76}.AppStore|ARM.Build.0 = Release|Any CPU
		{2F5FAC0B-B34C-4667-8F02-3A7896004F76}.AppStore|iPhone.ActiveCfg = Release|Any CPU
		{2F5FAC0B-B34C-4667-8F02-3A7896004F76}.AppStore|iPhone.Build.0 = Release|Any CPU
		{2F5FAC0B-B34C-4667-8F02-3A7896004F76}.AppStore|iPhoneSimulator.ActiveCfg = Release|Any CPU
		{2F5FAC0B-B34C-4667-8F02-3A7896004F76}.AppStore|iPhoneSimulator.Build.0 = Release|Any CPU
		{2F5FAC0B-B34C-4667-8F02-3A7896004F76}.AppStore|x64.ActiveCfg = Release|Any CPU
		{2F5FAC0B-B34C-4667-8F02-3A7896004F76}.AppStore|x64.Build.0 = Release|Any CPU
		{2F5FAC0B-B34C-4667-8F02-3A7896004F76}.AppStore|x86.ActiveCfg = Release|Any CPU
		{2F5FAC0B-B34C-4667-8F02-3A7896004F76}.AppStore|x86.Build.0 = Release|Any CPU
		{2F5FAC0B-B34C-4667-8F02-3A7896004F76}.Debug|Any CPU.ActiveCfg = Debug|Any CPU
		{2F5FAC0B-B34C-4667-8F02-3A7896004F76}.Debug|Any CPU.Build.0 = Debug|Any CPU
		{2F5FAC0B-B34C-4667-8F02-3A7896004F76}.Debug|ARM.ActiveCfg = Debug|Any CPU
		{2F5FAC0B-B34C-4667-8F02-3A7896004F76}.Debug|ARM.Build.0 = Debug|Any CPU
		{2F5FAC0B-B34C-4667-8F02-3A7896004F76}.Debug|iPhone.ActiveCfg = Debug|Any CPU
		{2F5FAC0B-B34C-4667-8F02-3A7896004F76}.Debug|iPhone.Build.0 = Debug|Any CPU
		{2F5FAC0B-B34C-4667-8F02-3A7896004F76}.Debug|iPhoneSimulator.ActiveCfg = Debug|Any CPU
		{2F5FAC0B-B34C-4667-8F02-3A7896004F76}.Debug|iPhoneSimulator.Build.0 = Debug|Any CPU
		{2F5FAC0B-B34C-4667-8F02-3A7896004F76}.Debug|x64.ActiveCfg = Debug|Any CPU
		{2F5FAC0B-B34C-4667-8F02-3A7896004F76}.Debug|x64.Build.0 = Debug|Any CPU
		{2F5FAC0B-B34C-4667-8F02-3A7896004F76}.Debug|x86.ActiveCfg = Debug|Any CPU
		{2F5FAC0B-B34C-4667-8F02-3A7896004F76}.Debug|x86.Build.0 = Debug|Any CPU
		{2F5FAC0B-B34C-4667-8F02-3A7896004F76}.Release|Any CPU.ActiveCfg = Release|Any CPU
		{2F5FAC0B-B34C-4667-8F02-3A7896004F76}.Release|Any CPU.Build.0 = Release|Any CPU
		{2F5FAC0B-B34C-4667-8F02-3A7896004F76}.Release|ARM.ActiveCfg = Release|Any CPU
		{2F5FAC0B-B34C-4667-8F02-3A7896004F76}.Release|ARM.Build.0 = Release|Any CPU
		{2F5FAC0B-B34C-4667-8F02-3A7896004F76}.Release|iPhone.ActiveCfg = Release|Any CPU
		{2F5FAC0B-B34C-4667-8F02-3A7896004F76}.Release|iPhone.Build.0 = Release|Any CPU
		{2F5FAC0B-B34C-4667-8F02-3A7896004F76}.Release|iPhoneSimulator.ActiveCfg = Release|Any CPU
		{2F5FAC0B-B34C-4667-8F02-3A7896004F76}.Release|iPhoneSimulator.Build.0 = Release|Any CPU
		{2F5FAC0B-B34C-4667-8F02-3A7896004F76}.Release|x64.ActiveCfg = Release|Any CPU
		{2F5FAC0B-B34C-4667-8F02-3A7896004F76}.Release|x64.Build.0 = Release|Any CPU
		{2F5FAC0B-B34C-4667-8F02-3A7896004F76}.Release|x86.ActiveCfg = Release|Any CPU
		{2F5FAC0B-B34C-4667-8F02-3A7896004F76}.Release|x86.Build.0 = Release|Any CPU
		{73C0D518-E68A-41D4-B038-E72CCD908814}.Ad-Hoc|Any CPU.ActiveCfg = Release|Any CPU
		{73C0D518-E68A-41D4-B038-E72CCD908814}.Ad-Hoc|Any CPU.Build.0 = Release|Any CPU
		{73C0D518-E68A-41D4-B038-E72CCD908814}.Ad-Hoc|Any CPU.Deploy.0 = Release|Any CPU
		{73C0D518-E68A-41D4-B038-E72CCD908814}.Ad-Hoc|ARM.ActiveCfg = Release|Any CPU
		{73C0D518-E68A-41D4-B038-E72CCD908814}.Ad-Hoc|ARM.Build.0 = Release|Any CPU
		{73C0D518-E68A-41D4-B038-E72CCD908814}.Ad-Hoc|ARM.Deploy.0 = Release|Any CPU
		{73C0D518-E68A-41D4-B038-E72CCD908814}.Ad-Hoc|iPhone.ActiveCfg = Release|Any CPU
		{73C0D518-E68A-41D4-B038-E72CCD908814}.Ad-Hoc|iPhone.Build.0 = Release|Any CPU
		{73C0D518-E68A-41D4-B038-E72CCD908814}.Ad-Hoc|iPhone.Deploy.0 = Release|Any CPU
		{73C0D518-E68A-41D4-B038-E72CCD908814}.Ad-Hoc|iPhoneSimulator.ActiveCfg = Release|Any CPU
		{73C0D518-E68A-41D4-B038-E72CCD908814}.Ad-Hoc|iPhoneSimulator.Build.0 = Release|Any CPU
		{73C0D518-E68A-41D4-B038-E72CCD908814}.Ad-Hoc|iPhoneSimulator.Deploy.0 = Release|Any CPU
		{73C0D518-E68A-41D4-B038-E72CCD908814}.Ad-Hoc|x64.ActiveCfg = Release|Any CPU
		{73C0D518-E68A-41D4-B038-E72CCD908814}.Ad-Hoc|x64.Build.0 = Release|Any CPU
		{73C0D518-E68A-41D4-B038-E72CCD908814}.Ad-Hoc|x64.Deploy.0 = Release|Any CPU
		{73C0D518-E68A-41D4-B038-E72CCD908814}.Ad-Hoc|x86.ActiveCfg = Release|Any CPU
		{73C0D518-E68A-41D4-B038-E72CCD908814}.Ad-Hoc|x86.Build.0 = Release|Any CPU
		{73C0D518-E68A-41D4-B038-E72CCD908814}.Ad-Hoc|x86.Deploy.0 = Release|Any CPU
		{73C0D518-E68A-41D4-B038-E72CCD908814}.AppStore|Any CPU.ActiveCfg = Release|Any CPU
		{73C0D518-E68A-41D4-B038-E72CCD908814}.AppStore|Any CPU.Build.0 = Release|Any CPU
		{73C0D518-E68A-41D4-B038-E72CCD908814}.AppStore|Any CPU.Deploy.0 = Release|Any CPU
		{73C0D518-E68A-41D4-B038-E72CCD908814}.AppStore|ARM.ActiveCfg = Release|Any CPU
		{73C0D518-E68A-41D4-B038-E72CCD908814}.AppStore|ARM.Build.0 = Release|Any CPU
		{73C0D518-E68A-41D4-B038-E72CCD908814}.AppStore|ARM.Deploy.0 = Release|Any CPU
		{73C0D518-E68A-41D4-B038-E72CCD908814}.AppStore|iPhone.ActiveCfg = Release|Any CPU
		{73C0D518-E68A-41D4-B038-E72CCD908814}.AppStore|iPhone.Build.0 = Release|Any CPU
		{73C0D518-E68A-41D4-B038-E72CCD908814}.AppStore|iPhone.Deploy.0 = Release|Any CPU
		{73C0D518-E68A-41D4-B038-E72CCD908814}.AppStore|iPhoneSimulator.ActiveCfg = Release|Any CPU
		{73C0D518-E68A-41D4-B038-E72CCD908814}.AppStore|iPhoneSimulator.Build.0 = Release|Any CPU
		{73C0D518-E68A-41D4-B038-E72CCD908814}.AppStore|iPhoneSimulator.Deploy.0 = Release|Any CPU
		{73C0D518-E68A-41D4-B038-E72CCD908814}.AppStore|x64.ActiveCfg = Release|Any CPU
		{73C0D518-E68A-41D4-B038-E72CCD908814}.AppStore|x64.Build.0 = Release|Any CPU
		{73C0D518-E68A-41D4-B038-E72CCD908814}.AppStore|x64.Deploy.0 = Release|Any CPU
		{73C0D518-E68A-41D4-B038-E72CCD908814}.AppStore|x86.ActiveCfg = Release|Any CPU
		{73C0D518-E68A-41D4-B038-E72CCD908814}.AppStore|x86.Build.0 = Release|Any CPU
		{73C0D518-E68A-41D4-B038-E72CCD908814}.AppStore|x86.Deploy.0 = Release|Any CPU
		{73C0D518-E68A-41D4-B038-E72CCD908814}.Debug|Any CPU.ActiveCfg = Debug|Any CPU
		{73C0D518-E68A-41D4-B038-E72CCD908814}.Debug|Any CPU.Build.0 = Debug|Any CPU
		{73C0D518-E68A-41D4-B038-E72CCD908814}.Debug|Any CPU.Deploy.0 = Debug|Any CPU
		{73C0D518-E68A-41D4-B038-E72CCD908814}.Debug|ARM.ActiveCfg = Debug|Any CPU
		{73C0D518-E68A-41D4-B038-E72CCD908814}.Debug|ARM.Build.0 = Debug|Any CPU
		{73C0D518-E68A-41D4-B038-E72CCD908814}.Debug|ARM.Deploy.0 = Debug|Any CPU
		{73C0D518-E68A-41D4-B038-E72CCD908814}.Debug|iPhone.ActiveCfg = Debug|Any CPU
		{73C0D518-E68A-41D4-B038-E72CCD908814}.Debug|iPhone.Build.0 = Debug|Any CPU
		{73C0D518-E68A-41D4-B038-E72CCD908814}.Debug|iPhone.Deploy.0 = Debug|Any CPU
		{73C0D518-E68A-41D4-B038-E72CCD908814}.Debug|iPhoneSimulator.ActiveCfg = Debug|Any CPU
		{73C0D518-E68A-41D4-B038-E72CCD908814}.Debug|iPhoneSimulator.Build.0 = Debug|Any CPU
		{73C0D518-E68A-41D4-B038-E72CCD908814}.Debug|iPhoneSimulator.Deploy.0 = Debug|Any CPU
		{73C0D518-E68A-41D4-B038-E72CCD908814}.Debug|x64.ActiveCfg = Debug|Any CPU
		{73C0D518-E68A-41D4-B038-E72CCD908814}.Debug|x64.Build.0 = Debug|Any CPU
		{73C0D518-E68A-41D4-B038-E72CCD908814}.Debug|x64.Deploy.0 = Debug|Any CPU
		{73C0D518-E68A-41D4-B038-E72CCD908814}.Debug|x86.ActiveCfg = Debug|Any CPU
		{73C0D518-E68A-41D4-B038-E72CCD908814}.Debug|x86.Build.0 = Debug|Any CPU
		{73C0D518-E68A-41D4-B038-E72CCD908814}.Debug|x86.Deploy.0 = Debug|Any CPU
		{73C0D518-E68A-41D4-B038-E72CCD908814}.Release|Any CPU.ActiveCfg = Release|Any CPU
		{73C0D518-E68A-41D4-B038-E72CCD908814}.Release|Any CPU.Build.0 = Release|Any CPU
		{73C0D518-E68A-41D4-B038-E72CCD908814}.Release|Any CPU.Deploy.0 = Release|Any CPU
		{73C0D518-E68A-41D4-B038-E72CCD908814}.Release|ARM.ActiveCfg = Release|Any CPU
		{73C0D518-E68A-41D4-B038-E72CCD908814}.Release|ARM.Build.0 = Release|Any CPU
		{73C0D518-E68A-41D4-B038-E72CCD908814}.Release|ARM.Deploy.0 = Release|Any CPU
		{73C0D518-E68A-41D4-B038-E72CCD908814}.Release|iPhone.ActiveCfg = Release|Any CPU
		{73C0D518-E68A-41D4-B038-E72CCD908814}.Release|iPhone.Build.0 = Release|Any CPU
		{73C0D518-E68A-41D4-B038-E72CCD908814}.Release|iPhone.Deploy.0 = Release|Any CPU
		{73C0D518-E68A-41D4-B038-E72CCD908814}.Release|iPhoneSimulator.ActiveCfg = Release|Any CPU
		{73C0D518-E68A-41D4-B038-E72CCD908814}.Release|iPhoneSimulator.Build.0 = Release|Any CPU
		{73C0D518-E68A-41D4-B038-E72CCD908814}.Release|iPhoneSimulator.Deploy.0 = Release|Any CPU
		{73C0D518-E68A-41D4-B038-E72CCD908814}.Release|x64.ActiveCfg = Release|Any CPU
		{73C0D518-E68A-41D4-B038-E72CCD908814}.Release|x64.Build.0 = Release|Any CPU
		{73C0D518-E68A-41D4-B038-E72CCD908814}.Release|x64.Deploy.0 = Release|Any CPU
		{73C0D518-E68A-41D4-B038-E72CCD908814}.Release|x86.ActiveCfg = Release|Any CPU
		{73C0D518-E68A-41D4-B038-E72CCD908814}.Release|x86.Build.0 = Release|Any CPU
		{73C0D518-E68A-41D4-B038-E72CCD908814}.Release|x86.Deploy.0 = Release|Any CPU
		{08B426CC-26FC-45D5-9A3D-09D5FF8B8F19}.Ad-Hoc|Any CPU.ActiveCfg = Ad-Hoc|iPhone
		{08B426CC-26FC-45D5-9A3D-09D5FF8B8F19}.Ad-Hoc|ARM.ActiveCfg = Ad-Hoc|iPhone
		{08B426CC-26FC-45D5-9A3D-09D5FF8B8F19}.Ad-Hoc|iPhone.ActiveCfg = Ad-Hoc|iPhone
		{08B426CC-26FC-45D5-9A3D-09D5FF8B8F19}.Ad-Hoc|iPhone.Build.0 = Ad-Hoc|iPhone
		{08B426CC-26FC-45D5-9A3D-09D5FF8B8F19}.Ad-Hoc|iPhoneSimulator.ActiveCfg = Ad-Hoc|iPhoneSimulator
		{08B426CC-26FC-45D5-9A3D-09D5FF8B8F19}.Ad-Hoc|iPhoneSimulator.Build.0 = Ad-Hoc|iPhoneSimulator
		{08B426CC-26FC-45D5-9A3D-09D5FF8B8F19}.Ad-Hoc|x64.ActiveCfg = Ad-Hoc|iPhone
		{08B426CC-26FC-45D5-9A3D-09D5FF8B8F19}.Ad-Hoc|x86.ActiveCfg = Ad-Hoc|iPhone
		{08B426CC-26FC-45D5-9A3D-09D5FF8B8F19}.AppStore|Any CPU.ActiveCfg = AppStore|iPhone
		{08B426CC-26FC-45D5-9A3D-09D5FF8B8F19}.AppStore|ARM.ActiveCfg = AppStore|iPhone
		{08B426CC-26FC-45D5-9A3D-09D5FF8B8F19}.AppStore|iPhone.ActiveCfg = AppStore|iPhone
		{08B426CC-26FC-45D5-9A3D-09D5FF8B8F19}.AppStore|iPhone.Build.0 = AppStore|iPhone
		{08B426CC-26FC-45D5-9A3D-09D5FF8B8F19}.AppStore|iPhoneSimulator.ActiveCfg = AppStore|iPhoneSimulator
		{08B426CC-26FC-45D5-9A3D-09D5FF8B8F19}.AppStore|iPhoneSimulator.Build.0 = AppStore|iPhoneSimulator
		{08B426CC-26FC-45D5-9A3D-09D5FF8B8F19}.AppStore|x64.ActiveCfg = AppStore|iPhone
		{08B426CC-26FC-45D5-9A3D-09D5FF8B8F19}.AppStore|x86.ActiveCfg = AppStore|iPhone
		{08B426CC-26FC-45D5-9A3D-09D5FF8B8F19}.Debug|Any CPU.ActiveCfg = Debug|iPhone
		{08B426CC-26FC-45D5-9A3D-09D5FF8B8F19}.Debug|ARM.ActiveCfg = Debug|iPhone
		{08B426CC-26FC-45D5-9A3D-09D5FF8B8F19}.Debug|iPhone.ActiveCfg = Debug|iPhone
		{08B426CC-26FC-45D5-9A3D-09D5FF8B8F19}.Debug|iPhone.Build.0 = Debug|iPhone
		{08B426CC-26FC-45D5-9A3D-09D5FF8B8F19}.Debug|iPhoneSimulator.ActiveCfg = Debug|iPhoneSimulator
		{08B426CC-26FC-45D5-9A3D-09D5FF8B8F19}.Debug|iPhoneSimulator.Build.0 = Debug|iPhoneSimulator
		{08B426CC-26FC-45D5-9A3D-09D5FF8B8F19}.Debug|x64.ActiveCfg = Debug|iPhone
		{08B426CC-26FC-45D5-9A3D-09D5FF8B8F19}.Debug|x86.ActiveCfg = Debug|iPhone
		{08B426CC-26FC-45D5-9A3D-09D5FF8B8F19}.Release|Any CPU.ActiveCfg = Release|iPhone
		{08B426CC-26FC-45D5-9A3D-09D5FF8B8F19}.Release|ARM.ActiveCfg = Release|iPhone
		{08B426CC-26FC-45D5-9A3D-09D5FF8B8F19}.Release|iPhone.ActiveCfg = Release|iPhone
		{08B426CC-26FC-45D5-9A3D-09D5FF8B8F19}.Release|iPhone.Build.0 = Release|iPhone
		{08B426CC-26FC-45D5-9A3D-09D5FF8B8F19}.Release|iPhoneSimulator.ActiveCfg = Release|iPhoneSimulator
		{08B426CC-26FC-45D5-9A3D-09D5FF8B8F19}.Release|iPhoneSimulator.Build.0 = Release|iPhoneSimulator
		{08B426CC-26FC-45D5-9A3D-09D5FF8B8F19}.Release|x64.ActiveCfg = Release|iPhone
		{08B426CC-26FC-45D5-9A3D-09D5FF8B8F19}.Release|x86.ActiveCfg = Release|iPhone
		{C5978E52-B7D5-403F-9BEB-E1B4A51A0806}.Ad-Hoc|Any CPU.ActiveCfg = Release|x86
		{C5978E52-B7D5-403F-9BEB-E1B4A51A0806}.Ad-Hoc|Any CPU.Build.0 = Release|x86
		{C5978E52-B7D5-403F-9BEB-E1B4A51A0806}.Ad-Hoc|Any CPU.Deploy.0 = Release|x86
		{C5978E52-B7D5-403F-9BEB-E1B4A51A0806}.Ad-Hoc|ARM.ActiveCfg = Release|ARM
		{C5978E52-B7D5-403F-9BEB-E1B4A51A0806}.Ad-Hoc|ARM.Build.0 = Release|ARM
		{C5978E52-B7D5-403F-9BEB-E1B4A51A0806}.Ad-Hoc|ARM.Deploy.0 = Release|ARM
		{C5978E52-B7D5-403F-9BEB-E1B4A51A0806}.Ad-Hoc|iPhone.ActiveCfg = Release|x86
		{C5978E52-B7D5-403F-9BEB-E1B4A51A0806}.Ad-Hoc|iPhone.Build.0 = Release|x86
		{C5978E52-B7D5-403F-9BEB-E1B4A51A0806}.Ad-Hoc|iPhone.Deploy.0 = Release|x86
		{C5978E52-B7D5-403F-9BEB-E1B4A51A0806}.Ad-Hoc|iPhoneSimulator.ActiveCfg = Release|x86
		{C5978E52-B7D5-403F-9BEB-E1B4A51A0806}.Ad-Hoc|iPhoneSimulator.Build.0 = Release|x86
		{C5978E52-B7D5-403F-9BEB-E1B4A51A0806}.Ad-Hoc|iPhoneSimulator.Deploy.0 = Release|x86
		{C5978E52-B7D5-403F-9BEB-E1B4A51A0806}.Ad-Hoc|x64.ActiveCfg = Release|x64
		{C5978E52-B7D5-403F-9BEB-E1B4A51A0806}.Ad-Hoc|x64.Build.0 = Release|x64
		{C5978E52-B7D5-403F-9BEB-E1B4A51A0806}.Ad-Hoc|x64.Deploy.0 = Release|x64
		{C5978E52-B7D5-403F-9BEB-E1B4A51A0806}.Ad-Hoc|x86.ActiveCfg = Release|x86
		{C5978E52-B7D5-403F-9BEB-E1B4A51A0806}.Ad-Hoc|x86.Build.0 = Release|x86
		{C5978E52-B7D5-403F-9BEB-E1B4A51A0806}.Ad-Hoc|x86.Deploy.0 = Release|x86
		{C5978E52-B7D5-403F-9BEB-E1B4A51A0806}.AppStore|Any CPU.ActiveCfg = Release|x86
		{C5978E52-B7D5-403F-9BEB-E1B4A51A0806}.AppStore|Any CPU.Build.0 = Release|x86
		{C5978E52-B7D5-403F-9BEB-E1B4A51A0806}.AppStore|Any CPU.Deploy.0 = Release|x86
		{C5978E52-B7D5-403F-9BEB-E1B4A51A0806}.AppStore|ARM.ActiveCfg = Release|ARM
		{C5978E52-B7D5-403F-9BEB-E1B4A51A0806}.AppStore|ARM.Build.0 = Release|ARM
		{C5978E52-B7D5-403F-9BEB-E1B4A51A0806}.AppStore|ARM.Deploy.0 = Release|ARM
		{C5978E52-B7D5-403F-9BEB-E1B4A51A0806}.AppStore|iPhone.ActiveCfg = Release|x86
		{C5978E52-B7D5-403F-9BEB-E1B4A51A0806}.AppStore|iPhone.Build.0 = Release|x86
		{C5978E52-B7D5-403F-9BEB-E1B4A51A0806}.AppStore|iPhone.Deploy.0 = Release|x86
		{C5978E52-B7D5-403F-9BEB-E1B4A51A0806}.AppStore|iPhoneSimulator.ActiveCfg = Release|x86
		{C5978E52-B7D5-403F-9BEB-E1B4A51A0806}.AppStore|iPhoneSimulator.Build.0 = Release|x86
		{C5978E52-B7D5-403F-9BEB-E1B4A51A0806}.AppStore|iPhoneSimulator.Deploy.0 = Release|x86
		{C5978E52-B7D5-403F-9BEB-E1B4A51A0806}.AppStore|x64.ActiveCfg = Release|x64
		{C5978E52-B7D5-403F-9BEB-E1B4A51A0806}.AppStore|x64.Build.0 = Release|x64
		{C5978E52-B7D5-403F-9BEB-E1B4A51A0806}.AppStore|x64.Deploy.0 = Release|x64
		{C5978E52-B7D5-403F-9BEB-E1B4A51A0806}.AppStore|x86.ActiveCfg = Release|x86
		{C5978E52-B7D5-403F-9BEB-E1B4A51A0806}.AppStore|x86.Build.0 = Release|x86
		{C5978E52-B7D5-403F-9BEB-E1B4A51A0806}.AppStore|x86.Deploy.0 = Release|x86
		{C5978E52-B7D5-403F-9BEB-E1B4A51A0806}.Debug|Any CPU.ActiveCfg = Debug|x86
		{C5978E52-B7D5-403F-9BEB-E1B4A51A0806}.Debug|ARM.ActiveCfg = Debug|ARM
		{C5978E52-B7D5-403F-9BEB-E1B4A51A0806}.Debug|ARM.Build.0 = Debug|ARM
		{C5978E52-B7D5-403F-9BEB-E1B4A51A0806}.Debug|ARM.Deploy.0 = Debug|ARM
		{C5978E52-B7D5-403F-9BEB-E1B4A51A0806}.Debug|iPhone.ActiveCfg = Debug|x86
		{C5978E52-B7D5-403F-9BEB-E1B4A51A0806}.Debug|iPhoneSimulator.ActiveCfg = Debug|x86
		{C5978E52-B7D5-403F-9BEB-E1B4A51A0806}.Debug|x64.ActiveCfg = Debug|x64
		{C5978E52-B7D5-403F-9BEB-E1B4A51A0806}.Debug|x64.Build.0 = Debug|x64
		{C5978E52-B7D5-403F-9BEB-E1B4A51A0806}.Debug|x64.Deploy.0 = Debug|x64
		{C5978E52-B7D5-403F-9BEB-E1B4A51A0806}.Debug|x86.ActiveCfg = Debug|x86
		{C5978E52-B7D5-403F-9BEB-E1B4A51A0806}.Debug|x86.Build.0 = Debug|x86
		{C5978E52-B7D5-403F-9BEB-E1B4A51A0806}.Debug|x86.Deploy.0 = Debug|x86
		{C5978E52-B7D5-403F-9BEB-E1B4A51A0806}.Release|Any CPU.ActiveCfg = Release|x86
		{C5978E52-B7D5-403F-9BEB-E1B4A51A0806}.Release|ARM.ActiveCfg = Release|ARM
		{C5978E52-B7D5-403F-9BEB-E1B4A51A0806}.Release|ARM.Build.0 = Release|ARM
		{C5978E52-B7D5-403F-9BEB-E1B4A51A0806}.Release|ARM.Deploy.0 = Release|ARM
		{C5978E52-B7D5-403F-9BEB-E1B4A51A0806}.Release|iPhone.ActiveCfg = Release|x86
		{C5978E52-B7D5-403F-9BEB-E1B4A51A0806}.Release|iPhoneSimulator.ActiveCfg = Release|x86
		{C5978E52-B7D5-403F-9BEB-E1B4A51A0806}.Release|x64.ActiveCfg = Release|x64
		{C5978E52-B7D5-403F-9BEB-E1B4A51A0806}.Release|x64.Build.0 = Release|x64
		{C5978E52-B7D5-403F-9BEB-E1B4A51A0806}.Release|x64.Deploy.0 = Release|x64
		{C5978E52-B7D5-403F-9BEB-E1B4A51A0806}.Release|x86.ActiveCfg = Release|x86
		{C5978E52-B7D5-403F-9BEB-E1B4A51A0806}.Release|x86.Build.0 = Release|x86
		{C5978E52-B7D5-403F-9BEB-E1B4A51A0806}.Release|x86.Deploy.0 = Release|x86
	EndGlobalSection
	GlobalSection(SolutionProperties) = preSolution
		HideSolutionNode = FALSE
	EndGlobalSection
	GlobalSection(ExtensibilityGlobals) = postSolution
		SolutionGuid = {6C2D9E58-8BF4-446E-94C9-5AEBDCB9FDA6}
	EndGlobalSection
EndGlobal
